// !$*UTF8*$!
{
	archiveVersion = 1;
	classes = {
	};
	objectVersion = 48;
	objects = {

/* Begin PBXBuildFile section */
		58B6345B1F9353260070A089 /* AppDelegate.swift in Sources */ = {isa = PBXBuildFile; fileRef = 58B6345A1F9353260070A089 /* AppDelegate.swift */; };
		58B6345D1F9353260070A089 /* ViewController.swift in Sources */ = {isa = PBXBuildFile; fileRef = 58B6345C1F9353260070A089 /* ViewController.swift */; };
		58B634601F9353260070A089 /* Main.storyboard in Resources */ = {isa = PBXBuildFile; fileRef = 58B6345E1F9353260070A089 /* Main.storyboard */; };
		58B634621F9353260070A089 /* Assets.xcassets in Resources */ = {isa = PBXBuildFile; fileRef = 58B634611F9353260070A089 /* Assets.xcassets */; };
		58B634651F9353260070A089 /* LaunchScreen.storyboard in Resources */ = {isa = PBXBuildFile; fileRef = 58B634631F9353260070A089 /* LaunchScreen.storyboard */; };
		58B634701F9353260070A089 /* GitLitTests.swift in Sources */ = {isa = PBXBuildFile; fileRef = 58B6346F1F9353260070A089 /* GitLitTests.swift */; };
		58B6347F1F93545C0070A089 /* SlideMenuControllerSwift.framework in Frameworks */ = {isa = PBXBuildFile; fileRef = 58B6347D1F9354440070A089 /* SlideMenuControllerSwift.framework */; };
		58B634821F9354610070A089 /* SlideMenuControllerSwift.framework in Embed Frameworks */ = {isa = PBXBuildFile; fileRef = 58B634801F9354610070A089 /* SlideMenuControllerSwift.framework */; settings = {ATTRIBUTES = (CodeSignOnCopy, RemoveHeadersOnCopy, ); }; };
		58B634851F93551E0070A089 /* menuViewController.swift in Sources */ = {isa = PBXBuildFile; fileRef = 58B634841F93551E0070A089 /* menuViewController.swift */; };
		58B634871F935D1B0070A089 /* newsViewController.swift in Sources */ = {isa = PBXBuildFile; fileRef = 58B634861F935D1B0070A089 /* newsViewController.swift */; };
/* End PBXBuildFile section */

/* Begin PBXContainerItemProxy section */
		58B6346C1F9353260070A089 /* PBXContainerItemProxy */ = {
			isa = PBXContainerItemProxy;
			containerPortal = 58B6344F1F9353260070A089 /* Project object */;
			proxyType = 1;
			remoteGlobalIDString = 58B634561F9353260070A089;
			remoteInfo = GitLit;
		};
/* End PBXContainerItemProxy section */

/* Begin PBXCopyFilesBuildPhase section */
		58B634831F9354610070A089 /* Embed Frameworks */ = {
			isa = PBXCopyFilesBuildPhase;
			buildActionMask = 2147483647;
			dstPath = "";
			dstSubfolderSpec = 10;
			files = (
				58B634821F9354610070A089 /* SlideMenuControllerSwift.framework in Embed Frameworks */,
			);
			name = "Embed Frameworks";
			runOnlyForDeploymentPostprocessing = 0;
		};
/* End PBXCopyFilesBuildPhase section */

/* Begin PBXFileReference section */
		58B634571F9353260070A089 /* GitLit.app */ = {isa = PBXFileReference; explicitFileType = wrapper.application; includeInIndex = 0; path = GitLit.app; sourceTree = BUILT_PRODUCTS_DIR; };
		58B6345A1F9353260070A089 /* AppDelegate.swift */ = {isa = PBXFileReference; lastKnownFileType = sourcecode.swift; path = AppDelegate.swift; sourceTree = "<group>"; };
		58B6345C1F9353260070A089 /* ViewController.swift */ = {isa = PBXFileReference; lastKnownFileType = sourcecode.swift; path = ViewController.swift; sourceTree = "<group>"; };
		58B6345F1F9353260070A089 /* Base */ = {isa = PBXFileReference; lastKnownFileType = file.storyboard; name = Base; path = Base.lproj/Main.storyboard; sourceTree = "<group>"; };
		58B634611F9353260070A089 /* Assets.xcassets */ = {isa = PBXFileReference; lastKnownFileType = folder.assetcatalog; path = Assets.xcassets; sourceTree = "<group>"; };
		58B634641F9353260070A089 /* Base */ = {isa = PBXFileReference; lastKnownFileType = file.storyboard; name = Base; path = Base.lproj/LaunchScreen.storyboard; sourceTree = "<group>"; };
		58B634661F9353260070A089 /* Info.plist */ = {isa = PBXFileReference; lastKnownFileType = text.plist.xml; path = Info.plist; sourceTree = "<group>"; };
		58B6346B1F9353260070A089 /* GitLitTests.xctest */ = {isa = PBXFileReference; explicitFileType = wrapper.cfbundle; includeInIndex = 0; path = GitLitTests.xctest; sourceTree = BUILT_PRODUCTS_DIR; };
		58B6346F1F9353260070A089 /* GitLitTests.swift */ = {isa = PBXFileReference; lastKnownFileType = sourcecode.swift; path = GitLitTests.swift; sourceTree = "<group>"; };
		58B634711F9353260070A089 /* Info.plist */ = {isa = PBXFileReference; lastKnownFileType = text.plist.xml; path = Info.plist; sourceTree = "<group>"; };
		58B6347B1F9354300070A089 /* SlideMenuControllerSwift.xcarchive */ = {isa = PBXFileReference; lastKnownFileType = wrapper; name = SlideMenuControllerSwift.xcarchive; path = Carthage/Checkouts/SlideMenuControllerSwift.xcarchive; sourceTree = "<group>"; };
		58B6347D1F9354440070A089 /* SlideMenuControllerSwift.framework */ = {isa = PBXFileReference; lastKnownFileType = wrapper.framework; name = SlideMenuControllerSwift.framework; path = Carthage/Build/iOS/SlideMenuControllerSwift.framework; sourceTree = "<group>"; };
		58B634801F9354610070A089 /* SlideMenuControllerSwift.framework */ = {isa = PBXFileReference; lastKnownFileType = wrapper.framework; name = SlideMenuControllerSwift.framework; path = Carthage/Build/iOS/SlideMenuControllerSwift.framework; sourceTree = "<group>"; };
		58B634841F93551E0070A089 /* menuViewController.swift */ = {isa = PBXFileReference; lastKnownFileType = sourcecode.swift; path = menuViewController.swift; sourceTree = "<group>"; };
		58B634861F935D1B0070A089 /* newsViewController.swift */ = {isa = PBXFileReference; lastKnownFileType = sourcecode.swift; path = newsViewController.swift; sourceTree = "<group>"; };
/* End PBXFileReference section */

/* Begin PBXFrameworksBuildPhase section */
		58B634541F9353260070A089 /* Frameworks */ = {
			isa = PBXFrameworksBuildPhase;
			buildActionMask = 2147483647;
			files = (
				58B6347F1F93545C0070A089 /* SlideMenuControllerSwift.framework in Frameworks */,
			);
			runOnlyForDeploymentPostprocessing = 0;
		};
		58B634681F9353260070A089 /* Frameworks */ = {
			isa = PBXFrameworksBuildPhase;
			buildActionMask = 2147483647;
			files = (
			);
			runOnlyForDeploymentPostprocessing = 0;
		};
/* End PBXFrameworksBuildPhase section */

/* Begin PBXGroup section */
		58B6344E1F9353260070A089 = {
			isa = PBXGroup;
			children = (
				58B634801F9354610070A089 /* SlideMenuControllerSwift.framework */,
				58B634591F9353260070A089 /* GitLit */,
				58B6346E1F9353260070A089 /* GitLitTests */,
				58B634581F9353260070A089 /* Products */,
				58B6347A1F9354300070A089 /* Frameworks */,
			);
			sourceTree = "<group>";
		};
		58B634581F9353260070A089 /* Products */ = {
			isa = PBXGroup;
			children = (
				58B634571F9353260070A089 /* GitLit.app */,
				58B6346B1F9353260070A089 /* GitLitTests.xctest */,
			);
			name = Products;
			sourceTree = "<group>";
		};
		58B634591F9353260070A089 /* GitLit */ = {
			isa = PBXGroup;
			children = (
				58B6345A1F9353260070A089 /* AppDelegate.swift */,
				58B6345C1F9353260070A089 /* ViewController.swift */,
				58B6345E1F9353260070A089 /* Main.storyboard */,
				58B634861F935D1B0070A089 /* newsViewController.swift */,
				58B634841F93551E0070A089 /* menuViewController.swift */,
				58B634611F9353260070A089 /* Assets.xcassets */,
				58B634631F9353260070A089 /* LaunchScreen.storyboard */,
				58B634661F9353260070A089 /* Info.plist */,
			);
			path = GitLit;
			sourceTree = "<group>";
		};
		58B6346E1F9353260070A089 /* GitLitTests */ = {
			isa = PBXGroup;
			children = (
				58B6346F1F9353260070A089 /* GitLitTests.swift */,
				58B634711F9353260070A089 /* Info.plist */,
			);
			path = GitLitTests;
			sourceTree = "<group>";
		};
		58B6347A1F9354300070A089 /* Frameworks */ = {
			isa = PBXGroup;
			children = (
				58B6347D1F9354440070A089 /* SlideMenuControllerSwift.framework */,
				58B6347B1F9354300070A089 /* SlideMenuControllerSwift.xcarchive */,
			);
			name = Frameworks;
			sourceTree = "<group>";
		};
/* End PBXGroup section */

/* Begin PBXNativeTarget section */
		58B634561F9353260070A089 /* GitLit */ = {
			isa = PBXNativeTarget;
			buildConfigurationList = 58B634741F9353260070A089 /* Build configuration list for PBXNativeTarget "GitLit" */;
			buildPhases = (
				58B634531F9353260070A089 /* Sources */,
				58B634541F9353260070A089 /* Frameworks */,
				58B634551F9353260070A089 /* Resources */,
				58B634831F9354610070A089 /* Embed Frameworks */,
			);
			buildRules = (
			);
			dependencies = (
			);
			name = GitLit;
			productName = GitLit;
			productReference = 58B634571F9353260070A089 /* GitLit.app */;
			productType = "com.apple.product-type.application";
		};
		58B6346A1F9353260070A089 /* GitLitTests */ = {
			isa = PBXNativeTarget;
			buildConfigurationList = 58B634771F9353260070A089 /* Build configuration list for PBXNativeTarget "GitLitTests" */;
			buildPhases = (
				58B634671F9353260070A089 /* Sources */,
				58B634681F9353260070A089 /* Frameworks */,
				58B634691F9353260070A089 /* Resources */,
			);
			buildRules = (
			);
			dependencies = (
				58B6346D1F9353260070A089 /* PBXTargetDependency */,
			);
			name = GitLitTests;
			productName = GitLitTests;
			productReference = 58B6346B1F9353260070A089 /* GitLitTests.xctest */;
			productType = "com.apple.product-type.bundle.unit-test";
		};
/* End PBXNativeTarget section */

/* Begin PBXProject section */
		58B6344F1F9353260070A089 /* Project object */ = {
			isa = PBXProject;
			attributes = {
				LastSwiftUpdateCheck = 0900;
				LastUpgradeCheck = 0900;
				ORGANIZATIONNAME = "Emil Astanov";
				TargetAttributes = {
					58B634561F9353260070A089 = {
						CreatedOnToolsVersion = 9.0;
						ProvisioningStyle = Automatic;
					};
					58B6346A1F9353260070A089 = {
						CreatedOnToolsVersion = 9.0;
						ProvisioningStyle = Automatic;
						TestTargetID = 58B634561F9353260070A089;
					};
				};
			};
			buildConfigurationList = 58B634521F9353260070A089 /* Build configuration list for PBXProject "GitLit" */;
			compatibilityVersion = "Xcode 8.0";
			developmentRegion = en;
			hasScannedForEncodings = 0;
			knownRegions = (
				en,
				Base,
			);
			mainGroup = 58B6344E1F9353260070A089;
			productRefGroup = 58B634581F9353260070A089 /* Products */;
			projectDirPath = "";
			projectRoot = "";
			targets = (
				58B634561F9353260070A089 /* GitLit */,
				58B6346A1F9353260070A089 /* GitLitTests */,
			);
		};
/* End PBXProject section */

/* Begin PBXResourcesBuildPhase section */
		58B634551F9353260070A089 /* Resources */ = {
			isa = PBXResourcesBuildPhase;
			buildActionMask = 2147483647;
			files = (
				58B634651F9353260070A089 /* LaunchScreen.storyboard in Resources */,
				58B634621F9353260070A089 /* Assets.xcassets in Resources */,
				58B634601F9353260070A089 /* Main.storyboard in Resources */,
			);
			runOnlyForDeploymentPostprocessing = 0;
		};
		58B634691F9353260070A089 /* Resources */ = {
			isa = PBXResourcesBuildPhase;
			buildActionMask = 2147483647;
			files = (
			);
			runOnlyForDeploymentPostprocessing = 0;
		};
/* End PBXResourcesBuildPhase section */

/* Begin PBXSourcesBuildPhase section */
		58B634531F9353260070A089 /* Sources */ = {
			isa = PBXSourcesBuildPhase;
			buildActionMask = 2147483647;
			files = (
				58B634851F93551E0070A089 /* menuViewController.swift in Sources */,
				58B6345D1F9353260070A089 /* ViewController.swift in Sources */,
				58B6345B1F9353260070A089 /* AppDelegate.swift in Sources */,
				58B634871F935D1B0070A089 /* newsViewController.swift in Sources */,
			);
			runOnlyForDeploymentPostprocessing = 0;
		};
		58B634671F9353260070A089 /* Sources */ = {
			isa = PBXSourcesBuildPhase;
			buildActionMask = 2147483647;
			files = (
				58B634701F9353260070A089 /* GitLitTests.swift in Sources */,
			);
			runOnlyForDeploymentPostprocessing = 0;
		};
/* End PBXSourcesBuildPhase section */

/* Begin PBXTargetDependency section */
		58B6346D1F9353260070A089 /* PBXTargetDependency */ = {
			isa = PBXTargetDependency;
			target = 58B634561F9353260070A089 /* GitLit */;
			targetProxy = 58B6346C1F9353260070A089 /* PBXContainerItemProxy */;
		};
/* End PBXTargetDependency section */

/* Begin PBXVariantGroup section */
		58B6345E1F9353260070A089 /* Main.storyboard */ = {
			isa = PBXVariantGroup;
			children = (
				58B6345F1F9353260070A089 /* Base */,
			);
			name = Main.storyboard;
			sourceTree = "<group>";
		};
		58B634631F9353260070A089 /* LaunchScreen.storyboard */ = {
			isa = PBXVariantGroup;
			children = (
				58B634641F9353260070A089 /* Base */,
			);
			name = LaunchScreen.storyboard;
			sourceTree = "<group>";
		};
/* End PBXVariantGroup section */

/* Begin XCBuildConfiguration section */
		58B634721F9353260070A089 /* Debug */ = {
			isa = XCBuildConfiguration;
			buildSettings = {
				ALWAYS_SEARCH_USER_PATHS = NO;
				CLANG_ANALYZER_NONNULL = YES;
				CLANG_ANALYZER_NUMBER_OBJECT_CONVERSION = YES_AGGRESSIVE;
				CLANG_CXX_LANGUAGE_STANDARD = "gnu++14";
				CLANG_CXX_LIBRARY = "libc++";
				CLANG_ENABLE_MODULES = YES;
				CLANG_ENABLE_OBJC_ARC = YES;
				CLANG_WARN_BLOCK_CAPTURE_AUTORELEASING = YES;
				CLANG_WARN_BOOL_CONVERSION = YES;
				CLANG_WARN_COMMA = YES;
				CLANG_WARN_CONSTANT_CONVERSION = YES;
				CLANG_WARN_DIRECT_OBJC_ISA_USAGE = YES_ERROR;
				CLANG_WARN_DOCUMENTATION_COMMENTS = YES;
				CLANG_WARN_EMPTY_BODY = YES;
				CLANG_WARN_ENUM_CONVERSION = YES;
				CLANG_WARN_INFINITE_RECURSION = YES;
				CLANG_WARN_INT_CONVERSION = YES;
				CLANG_WARN_NON_LITERAL_NULL_CONVERSION = YES;
				CLANG_WARN_OBJC_LITERAL_CONVERSION = YES;
				CLANG_WARN_OBJC_ROOT_CLASS = YES_ERROR;
				CLANG_WARN_RANGE_LOOP_ANALYSIS = YES;
				CLANG_WARN_STRICT_PROTOTYPES = YES;
				CLANG_WARN_SUSPICIOUS_MOVE = YES;
				CLANG_WARN_UNGUARDED_AVAILABILITY = YES_AGGRESSIVE;
				CLANG_WARN_UNREACHABLE_CODE = YES;
				CLANG_WARN__DUPLICATE_METHOD_MATCH = YES;
				CODE_SIGN_IDENTITY = "iPhone Developer";
				COPY_PHASE_STRIP = NO;
				DEBUG_INFORMATION_FORMAT = dwarf;
				ENABLE_STRICT_OBJC_MSGSEND = YES;
				ENABLE_TESTABILITY = YES;
				GCC_C_LANGUAGE_STANDARD = gnu11;
				GCC_DYNAMIC_NO_PIC = NO;
				GCC_NO_COMMON_BLOCKS = YES;
				GCC_OPTIMIZATION_LEVEL = 0;
				GCC_PREPROCESSOR_DEFINITIONS = (
					"DEBUG=1",
					"$(inherited)",
				);
				GCC_WARN_64_TO_32_BIT_CONVERSION = YES;
				GCC_WARN_ABOUT_RETURN_TYPE = YES_ERROR;
				GCC_WARN_UNDECLARED_SELECTOR = YES;
				GCC_WARN_UNINITIALIZED_AUTOS = YES_AGGRESSIVE;
				GCC_WARN_UNUSED_FUNCTION = YES;
				GCC_WARN_UNUSED_VARIABLE = YES;
				IPHONEOS_DEPLOYMENT_TARGET = 11.0;
				MTL_ENABLE_DEBUG_INFO = YES;
				ONLY_ACTIVE_ARCH = YES;
				SDKROOT = iphoneos;
				SWIFT_ACTIVE_COMPILATION_CONDITIONS = DEBUG;
				SWIFT_OPTIMIZATION_LEVEL = "-Onone";
			};
			name = Debug;
		};
		58B634731F9353260070A089 /* Release */ = {
			isa = XCBuildConfiguration;
			buildSettings = {
				ALWAYS_SEARCH_USER_PATHS = NO;
				CLANG_ANALYZER_NONNULL = YES;
				CLANG_ANALYZER_NUMBER_OBJECT_CONVERSION = YES_AGGRESSIVE;
				CLANG_CXX_LANGUAGE_STANDARD = "gnu++14";
				CLANG_CXX_LIBRARY = "libc++";
				CLANG_ENABLE_MODULES = YES;
				CLANG_ENABLE_OBJC_ARC = YES;
				CLANG_WARN_BLOCK_CAPTURE_AUTORELEASING = YES;
				CLANG_WARN_BOOL_CONVERSION = YES;
				CLANG_WARN_COMMA = YES;
				CLANG_WARN_CONSTANT_CONVERSION = YES;
				CLANG_WARN_DIRECT_OBJC_ISA_USAGE = YES_ERROR;
				CLANG_WARN_DOCUMENTATION_COMMENTS = YES;
				CLANG_WARN_EMPTY_BODY = YES;
				CLANG_WARN_ENUM_CONVERSION = YES;
				CLANG_WARN_INFINITE_RECURSION = YES;
				CLANG_WARN_INT_CONVERSION = YES;
				CLANG_WARN_NON_LITERAL_NULL_CONVERSION = YES;
				CLANG_WARN_OBJC_LITERAL_CONVERSION = YES;
				CLANG_WARN_OBJC_ROOT_CLASS = YES_ERROR;
				CLANG_WARN_RANGE_LOOP_ANALYSIS = YES;
				CLANG_WARN_STRICT_PROTOTYPES = YES;
				CLANG_WARN_SUSPICIOUS_MOVE = YES;
				CLANG_WARN_UNGUARDED_AVAILABILITY = YES_AGGRESSIVE;
				CLANG_WARN_UNREACHABLE_CODE = YES;
				CLANG_WARN__DUPLICATE_METHOD_MATCH = YES;
				CODE_SIGN_IDENTITY = "iPhone Developer";
				COPY_PHASE_STRIP = NO;
				DEBUG_INFORMATION_FORMAT = "dwarf-with-dsym";
				ENABLE_NS_ASSERTIONS = NO;
				ENABLE_STRICT_OBJC_MSGSEND = YES;
				GCC_C_LANGUAGE_STANDARD = gnu11;
				GCC_NO_COMMON_BLOCKS = YES;
				GCC_WARN_64_TO_32_BIT_CONVERSION = YES;
				GCC_WARN_ABOUT_RETURN_TYPE = YES_ERROR;
				GCC_WARN_UNDECLARED_SELECTOR = YES;
				GCC_WARN_UNINITIALIZED_AUTOS = YES_AGGRESSIVE;
				GCC_WARN_UNUSED_FUNCTION = YES;
				GCC_WARN_UNUSED_VARIABLE = YES;
				IPHONEOS_DEPLOYMENT_TARGET = 11.0;
				MTL_ENABLE_DEBUG_INFO = NO;
				SDKROOT = iphoneos;
				SWIFT_OPTIMIZATION_LEVEL = "-Owholemodule";
				VALIDATE_PRODUCT = YES;
			};
			name = Release;
		};
		58B634751F9353260070A089 /* Debug */ = {
			isa = XCBuildConfiguration;
			buildSettings = {
				ASSETCATALOG_COMPILER_APPICON_NAME = AppIcon;
				CODE_SIGN_STYLE = Automatic;
				DEVELOPMENT_TEAM = VS23X76F7Z;
				FRAMEWORK_SEARCH_PATHS = (
					"$(inherited)",
					"$(PROJECT_DIR)/Carthage/Build/iOS",
				);
				INFOPLIST_FILE = GitLit/Info.plist;
				LD_RUNPATH_SEARCH_PATHS = "$(inherited) @executable_path/Frameworks";
				PRODUCT_BUNDLE_IDENTIFIER = Int.GitLit;
				PRODUCT_NAME = "$(TARGET_NAME)";
				SWIFT_VERSION = 4.0;
				TARGETED_DEVICE_FAMILY = "1,2";
			};
			name = Debug;
		};
		58B634761F9353260070A089 /* Release */ = {
			isa = XCBuildConfiguration;
			buildSettings = {
				ASSETCATALOG_COMPILER_APPICON_NAME = AppIcon;
				CODE_SIGN_STYLE = Automatic;
				DEVELOPMENT_TEAM = VS23X76F7Z;
				FRAMEWORK_SEARCH_PATHS = (
					"$(inherited)",
					"$(PROJECT_DIR)/Carthage/Build/iOS",
				);
				INFOPLIST_FILE = GitLit/Info.plist;
				LD_RUNPATH_SEARCH_PATHS = "$(inherited) @executable_path/Frameworks";
				PRODUCT_BUNDLE_IDENTIFIER = Int.GitLit;
				PRODUCT_NAME = "$(TARGET_NAME)";
				SWIFT_VERSION = 4.0;
				TARGETED_DEVICE_FAMILY = "1,2";
			};
			name = Release;
		};
		58B634781F9353260070A089 /* Debug */ = {
			isa = XCBuildConfiguration;
			buildSettings = {
				ALWAYS_EMBED_SWIFT_STANDARD_LIBRARIES = YES;
				BUNDLE_LOADER = "$(TEST_HOST)";
				CODE_SIGN_STYLE = Automatic;
				DEVELOPMENT_TEAM = VS23X76F7Z;
				INFOPLIST_FILE = GitLitTests/Info.plist;
				LD_RUNPATH_SEARCH_PATHS = "$(inherited) @executable_path/Frameworks @loader_path/Frameworks";
				PRODUCT_BUNDLE_IDENTIFIER = Int.GitLitTests;
				PRODUCT_NAME = "$(TARGET_NAME)";
				SWIFT_VERSION = 4.0;
				TARGETED_DEVICE_FAMILY = "1,2";
				TEST_HOST = "$(BUILT_PRODUCTS_DIR)/GitLit.app/GitLit";
			};
			name = Debug;
		};
		58B634791F9353260070A089 /* Release */ = {
			isa = XCBuildConfiguration;
			buildSettings = {
				ALWAYS_EMBED_SWIFT_STANDARD_LIBRARIES = YES;
				BUNDLE_LOADER = "$(TEST_HOST)";
				CODE_SIGN_STYLE = Automatic;
				DEVELOPMENT_TEAM = VS23X76F7Z;
				INFOPLIST_FILE = GitLitTests/Info.plist;
				LD_RUNPATH_SEARCH_PATHS = "$(inherited) @executable_path/Frameworks @loader_path/Frameworks";
				PRODUCT_BUNDLE_IDENTIFIER = Int.GitLitTests;
				PRODUCT_NAME = "$(TARGET_NAME)";
				SWIFT_VERSION = 4.0;
				TARGETED_DEVICE_FAMILY = "1,2";
				TEST_HOST = "$(BUILT_PRODUCTS_DIR)/GitLit.app/GitLit";
			};
			name = Release;
		};
/* End XCBuildConfiguration section */

/* Begin XCConfigurationList section */
		58B634521F9353260070A089 /* Build configuration list for PBXProject "GitLit" */ = {
			isa = XCConfigurationList;
			buildConfigurations = (
				58B634721F9353260070A089 /* Debug */,
				58B634731F9353260070A089 /* Release */,
			);
			defaultConfigurationIsVisible = 0;
			defaultConfigurationName = Release;
		};
		58B634741F9353260070A089 /* Build configuration list for PBXNativeTarget "GitLit" */ = {
			isa = XCConfigurationList;
			buildConfigurations = (
				58B634751F9353260070A089 /* Debug */,
				58B634761F9353260070A089 /* Release */,
			);
			defaultConfigurationIsVisible = 0;
			defaultConfigurationName = Release;
		};
		58B634771F9353260070A089 /* Build configuration list for PBXNativeTarget "GitLitTests" */ = {
			isa = XCConfigurationList;
			buildConfigurations = (
				58B634781F9353260070A089 /* Debug */,
				58B634791F9353260070A089 /* Release */,
			);
			defaultConfigurationIsVisible = 0;
			defaultConfigurationName = Release;
		};
/* End XCConfigurationList section */
	};
	rootObject = 58B6344F1F9353260070A089 /* Project object */;
}
